
Microsoft Visual Studio Solution File, Format Version 12.00
# Visual Studio 15
VisualStudioVersion = 15.0.27130.0
MinimumVisualStudioVersion = 10.0.40219.1
Project("{FAE04EC0-301F-11D3-BF4B-00C04F79EFBC}") = "NumberToString", "NumberToString\NumberToString.csproj", "{49F822AD-DB78-4F70-AA5F-3A741A754A85}"
EndProject
Project("{FAE04EC0-301F-11D3-BF4B-00C04F79EFBC}") = "NumberToStringDataComponent", "NumberToStringDataComponent\NumberToStringDataComponent.csproj", "{42E45FA8-717B-40C9-A4B2-5ACECBDED892}"
EndProject
Project("{FAE04EC0-301F-11D3-BF4B-00C04F79EFBC}") = "NumberToStringBusinessComponent", "NumberToStringBusinessComponent\NumberToStringBusinessComponent.csproj", "{4155D358-8636-4E44-9BA1-8F62998E4DB2}"
EndProject
Project("{FAE04EC0-301F-11D3-BF4B-00C04F79EFBC}") = "NumberToStringFramework", "NumberToStringFramework\NumberToStringFramework.csproj", "{5A3D56E5-B8EF-4C36-BADE-F92F92AC36BC}"
EndProject
Project("{FAE04EC0-301F-11D3-BF4B-00C04F79EFBC}") = "NumberToStringEntity", "NumberToStringEntity\NumberToStringEntity.csproj", "{D96E1F15-A46B-48CD-9440-01BEC2DF71D9}"
EndProject
Global
	GlobalSection(SolutionConfigurationPlatforms) = preSolution
		Debug|Any CPU = Debug|Any CPU
		Release|Any CPU = Release|Any CPU
	EndGlobalSection
	GlobalSection(ProjectConfigurationPlatforms) = postSolution
		{49F822AD-DB78-4F70-AA5F-3A741A754A85}.Debug|Any CPU.ActiveCfg = Debug|Any CPU
		{49F822AD-DB78-4F70-AA5F-3A741A754A85}.Debug|Any CPU.Build.0 = Debug|Any CPU
		{49F822AD-DB78-4F70-AA5F-3A741A754A85}.Release|Any CPU.ActiveCfg = Release|Any CPU
		{49F822AD-DB78-4F70-AA5F-3A741A754A85}.Release|Any CPU.Build.0 = Release|Any CPU
		{42E45FA8-717B-40C9-A4B2-5ACECBDED892}.Debug|Any CPU.ActiveCfg = Debug|Any CPU
		{42E45FA8-717B-40C9-A4B2-5ACECBDED892}.Debug|Any CPU.Build.0 = Debug|Any CPU
		{42E45FA8-717B-40C9-A4B2-5ACECBDED892}.Release|Any CPU.ActiveCfg = Release|Any CPU
		{42E45FA8-717B-40C9-A4B2-5ACECBDED892}.Release|Any CPU.Build.0 = Release|Any CPU
		{4155D358-8636-4E44-9BA1-8F62998E4DB2}.Debug|Any CPU.ActiveCfg = Debug|Any CPU
		{4155D358-8636-4E44-9BA1-8F62998E4DB2}.Debug|Any CPU.Build.0 = Debug|Any CPU
		{4155D358-8636-4E44-9BA1-8F62998E4DB2}.Release|Any CPU.ActiveCfg = Release|Any CPU
		{4155D358-8636-4E44-9BA1-8F62998E4DB2}.Release|Any CPU.Build.0 = Release|Any CPU
		{5A3D56E5-B8EF-4C36-BADE-F92F92AC36BC}.Debug|Any CPU.ActiveCfg = Debug|Any CPU
		{5A3D56E5-B8EF-4C36-BADE-F92F92AC36BC}.Debug|Any CPU.Build.0 = Debug|Any CPU
		{5A3D56E5-B8EF-4C36-BADE-F92F92AC36BC}.Release|Any CPU.ActiveCfg = Release|Any CPU
		{5A3D56E5-B8EF-4C36-BADE-F92F92AC36BC}.Release|Any CPU.Build.0 = Release|Any CPU
		{D96E1F15-A46B-48CD-9440-01BEC2DF71D9}.Debug|Any CPU.ActiveCfg = Debug|Any CPU
		{D96E1F15-A46B-48CD-9440-01BEC2DF71D9}.Debug|Any CPU.Build.0 = Debug|Any CPU
		{D96E1F15-A46B-48CD-9440-01BEC2DF71D9}.Release|Any CPU.ActiveCfg = Release|Any CPU
		{D96E1F15-A46B-48CD-9440-01BEC2DF71D9}.Release|Any CPU.Build.0 = Release|Any CPU
	EndGlobalSection
	GlobalSection(SolutionProperties) = preSolution
		HideSolutionNode = FALSE
	EndGlobalSection
	GlobalSection(ExtensibilityGlobals) = postSolution
		SolutionGuid = {3DA854D3-AF50-4AC4-A35C-6AD279C3B666}
	EndGlobalSection
EndGlobal
